
Microsoft Visual Studio Solution File, Format Version 12.00
# Visual Studio Version 16
VisualStudioVersion = 16.0.30611.23
MinimumVisualStudioVersion = 10.0.40219.1
Project("{FAE04EC0-301F-11D3-BF4B-00C04F79EFBC}") = "PASS4", "PASS4.csproj", "{D724362A-AE19-4E87-97FA-93EEF47A9785}"
EndProject
Project("{FAE04EC0-301F-11D3-BF4B-00C04F79EFBC}") = "Tests", "..\Tests\Tests.csproj", "{2362C210-4861-4262-8403-EC8F5DD56C99}"
EndProject
Global
	GlobalSection(SolutionConfigurationPlatforms) = preSolution
		Debug|Any CPU = Debug|Any CPU
		Release|Any CPU = Release|Any CPU
	EndGlobalSection
	GlobalSection(ProjectConfigurationPlatforms) = postSolution
		{D724362A-AE19-4E87-97FA-93EEF47A9785}.Debug|Any CPU.ActiveCfg = Debug|Any CPU
		{D724362A-AE19-4E87-97FA-93EEF47A9785}.Debug|Any CPU.Build.0 = Debug|Any CPU
		{D724362A-AE19-4E87-97FA-93EEF47A9785}.Release|Any CPU.ActiveCfg = Release|Any CPU
		{D724362A-AE19-4E87-97FA-93EEF47A9785}.Release|Any CPU.Build.0 = Release|Any CPU
		{2362C210-4861-4262-8403-EC8F5DD56C99}.Debug|Any CPU.ActiveCfg = Debug|Any CPU
		{2362C210-4861-4262-8403-EC8F5DD56C99}.Debug|Any CPU.Build.0 = Debug|Any CPU
		{2362C210-4861-4262-8403-EC8F5DD56C99}.Release|Any CPU.ActiveCfg = Release|Any CPU
		{2362C210-4861-4262-8403-EC8F5DD56C99}.Release|Any CPU.Build.0 = Release|Any CPU
	EndGlobalSection
	GlobalSection(SolutionProperties) = preSolution
		HideSolutionNode = FALSE
	EndGlobalSection
	GlobalSection(ExtensibilityGlobals) = postSolution
		SolutionGuid = {BE28AB67-E3AC-4957-89A2-9329F53A33D3}
	EndGlobalSection
EndGlobal
